
Microsoft Visual Studio Solution File, Format Version 12.00
# Visual Studio Version 17
VisualStudioVersion = 17.5.33516.290
MinimumVisualStudioVersion = 10.0.40219.1
Project("{FAE04EC0-301F-11D3-BF4B-00C04F79EFBC}") = "OrderedDictionary", "OrderedDictionary\OrderedDictionary.csproj", "{F74EEE29-F1EB-4849-ACD8-0E474459FACF}"
EndProject
Global
	GlobalSection(SolutionConfigurationPlatforms) = preSolution
		Debug|Any CPU = Debug|Any CPU
		Release|Any CPU = Release|Any CPU
	EndGlobalSection
	GlobalSection(ProjectConfigurationPlatforms) = postSolution
		{F74EEE29-F1EB-4849-ACD8-0E474459FACF}.Debug|Any CPU.ActiveCfg = Debug|Any CPU
		{F74EEE29-F1EB-4849-ACD8-0E474459FACF}.Debug|Any CPU.Build.0 = Debug|Any CPU
		{F74EEE29-F1EB-4849-ACD8-0E474459FACF}.Release|Any CPU.ActiveCfg = Release|Any CPU
		{F74EEE29-F1EB-4849-ACD8-0E474459FACF}.Release|Any CPU.Build.0 = Release|Any CPU
	EndGlobalSection
	GlobalSection(SolutionProperties) = preSolution
		HideSolutionNode = FALSE
	EndGlobalSection
	GlobalSection(ExtensibilityGlobals) = postSolution
		SolutionGuid = {2B7BCE68-9E5A-466C-8873-A1D3D7BFBA9D}
	EndGlobalSection
EndGlobal
